// !$*UTF8*$!
{
	archiveVersion = 1;
	classes = {
	};
	objectVersion = 50;
	objects = {

/* Begin PBXBuildFile section */
		BC5932FC2625FF0800056C59 /* CGRect+Extras.swift in Sources */ = {isa = PBXBuildFile; fileRef = BC5932E22625FF0800056C59 /* CGRect+Extras.swift */; };
		BC5932FD2625FF0800056C59 /* Random.swift in Sources */ = {isa = PBXBuildFile; fileRef = BC5932E32625FF0800056C59 /* Random.swift */; };
		BC5932FE2625FF0800056C59 /* String+Extras.swift in Sources */ = {isa = PBXBuildFile; fileRef = BC5932E42625FF0800056C59 /* String+Extras.swift */; };
		BC5933002625FF0800056C59 /* CGSize+Extras.swift in Sources */ = {isa = PBXBuildFile; fileRef = BC5932E62625FF0800056C59 /* CGSize+Extras.swift */; };
		BC5933012625FF0800056C59 /* FileWrapper+Extras.swift in Sources */ = {isa = PBXBuildFile; fileRef = BC5932E72625FF0800056C59 /* FileWrapper+Extras.swift */; };
		BC5933022625FF0800056C59 /* CGRect+Handles.swift in Sources */ = {isa = PBXBuildFile; fileRef = BC5932E82625FF0800056C59 /* CGRect+Handles.swift */; };
		BC5933032625FF0800056C59 /* URL+Extras.swift in Sources */ = {isa = PBXBuildFile; fileRef = BC5932E92625FF0800056C59 /* URL+Extras.swift */; };
		BC5933042625FF0800056C59 /* CGContext+Bitmap.swift in Sources */ = {isa = PBXBuildFile; fileRef = BC5932EA2625FF0800056C59 /* CGContext+Bitmap.swift */; };
		BC5933052625FF0800056C59 /* CGPoint+Extras.swift in Sources */ = {isa = PBXBuildFile; fileRef = BC5932EB2625FF0800056C59 /* CGPoint+Extras.swift */; };
		BC5933062625FF0800056C59 /* Network+FileUploader.swift in Sources */ = {isa = PBXBuildFile; fileRef = BC5932EC2625FF0800056C59 /* Network+FileUploader.swift */; };
		BC5933072625FF0800056C59 /* Network+HTTPResponse.swift in Sources */ = {isa = PBXBuildFile; fileRef = BC5932ED2625FF0800056C59 /* Network+HTTPResponse.swift */; };
		BC5933082625FF0800056C59 /* Codable+JSON.swift in Sources */ = {isa = PBXBuildFile; fileRef = BC5932EE2625FF0800056C59 /* Codable+JSON.swift */; };
		BC5933092625FF0800056C59 /* CGContext+Tiles.swift in Sources */ = {isa = PBXBuildFile; fileRef = BC5932EF2625FF0800056C59 /* CGContext+Tiles.swift */; };
		BC59330A2625FF0800056C59 /* MoofFoundation.swift in Sources */ = {isa = PBXBuildFile; fileRef = BC5932F02625FF0800056C59 /* MoofFoundation.swift */; };
		BC59330B2625FF0800056C59 /* CGGeometry+Operators.swift in Sources */ = {isa = PBXBuildFile; fileRef = BC5932F12625FF0800056C59 /* CGGeometry+Operators.swift */; };
		BC59330C2625FF0800056C59 /* CGPolarPoint.swift in Sources */ = {isa = PBXBuildFile; fileRef = BC5932F22625FF0800056C59 /* CGPolarPoint.swift */; };
		BC59330D2625FF0800056C59 /* Dictionary+Getters.swift in Sources */ = {isa = PBXBuildFile; fileRef = BC5932F32625FF0800056C59 /* Dictionary+Getters.swift */; };
		BC59330E2625FF0800056C59 /* Image+Extras.swift in Sources */ = {isa = PBXBuildFile; fileRef = BC5932F42625FF0800056C59 /* Image+Extras.swift */; };
		BC59330F2625FF0800056C59 /* Formatters.swift in Sources */ = {isa = PBXBuildFile; fileRef = BC5932F52625FF0800056C59 /* Formatters.swift */; };
		BC5933102625FF0800056C59 /* CGFloat+Extras.swift in Sources */ = {isa = PBXBuildFile; fileRef = BC5932F62625FF0800056C59 /* CGFloat+Extras.swift */; };
		BC5933112625FF0800056C59 /* FileManager+Extras.swift in Sources */ = {isa = PBXBuildFile; fileRef = BC5932F72625FF0800056C59 /* FileManager+Extras.swift */; };
		BC5933132625FF0800056C59 /* CGComplex.swift in Sources */ = {isa = PBXBuildFile; fileRef = BC5932F92625FF0800056C59 /* CGComplex.swift */; };
		BC5933142625FF0800056C59 /* SystemUtils.swift in Sources */ = {isa = PBXBuildFile; fileRef = BC5932FA2625FF0800056C59 /* SystemUtils.swift */; };
		BC5933152625FF0800056C59 /* Mirror+Extras.swift in Sources */ = {isa = PBXBuildFile; fileRef = BC5932FB2625FF0800056C59 /* Mirror+Extras.swift */; };
		BC9B1199257E46A700286AAA /* MoofFoundation.framework in Frameworks */ = {isa = PBXBuildFile; fileRef = BC9B118F257E46A700286AAA /* MoofFoundation.framework */; };
		BC9B119E257E46A700286AAA /* MoofFoundationTests.swift in Sources */ = {isa = PBXBuildFile; fileRef = BC9B119D257E46A700286AAA /* MoofFoundationTests.swift */; };
/* End PBXBuildFile section */

/* Begin PBXContainerItemProxy section */
		BC9B119A257E46A700286AAA /* PBXContainerItemProxy */ = {
			isa = PBXContainerItemProxy;
			containerPortal = BC9B1186257E46A700286AAA /* Project object */;
			proxyType = 1;
			remoteGlobalIDString = BC9B118E257E46A700286AAA;
			remoteInfo = MoofFoundation;
		};
/* End PBXContainerItemProxy section */

/* Begin PBXFileReference section */
		BC5931BA2625DA2500056C59 /* LICENSE */ = {isa = PBXFileReference; lastKnownFileType = text; path = LICENSE; sourceTree = "<group>"; };
		BC5932E22625FF0800056C59 /* CGRect+Extras.swift */ = {isa = PBXFileReference; fileEncoding = 4; lastKnownFileType = sourcecode.swift; path = "CGRect+Extras.swift"; sourceTree = "<group>"; };
		BC5932E32625FF0800056C59 /* Random.swift */ = {isa = PBXFileReference; fileEncoding = 4; lastKnownFileType = sourcecode.swift; path = Random.swift; sourceTree = "<group>"; };
		BC5932E42625FF0800056C59 /* String+Extras.swift */ = {isa = PBXFileReference; fileEncoding = 4; lastKnownFileType = sourcecode.swift; path = "String+Extras.swift"; sourceTree = "<group>"; };
		BC5932E62625FF0800056C59 /* CGSize+Extras.swift */ = {isa = PBXFileReference; fileEncoding = 4; lastKnownFileType = sourcecode.swift; path = "CGSize+Extras.swift"; sourceTree = "<group>"; };
		BC5932E72625FF0800056C59 /* FileWrapper+Extras.swift */ = {isa = PBXFileReference; fileEncoding = 4; lastKnownFileType = sourcecode.swift; path = "FileWrapper+Extras.swift"; sourceTree = "<group>"; };
		BC5932E82625FF0800056C59 /* CGRect+Handles.swift */ = {isa = PBXFileReference; fileEncoding = 4; lastKnownFileType = sourcecode.swift; path = "CGRect+Handles.swift"; sourceTree = "<group>"; };
		BC5932E92625FF0800056C59 /* URL+Extras.swift */ = {isa = PBXFileReference; fileEncoding = 4; lastKnownFileType = sourcecode.swift; path = "URL+Extras.swift"; sourceTree = "<group>"; };
		BC5932EA2625FF0800056C59 /* CGContext+Bitmap.swift */ = {isa = PBXFileReference; fileEncoding = 4; lastKnownFileType = sourcecode.swift; path = "CGContext+Bitmap.swift"; sourceTree = "<group>"; };
		BC5932EB2625FF0800056C59 /* CGPoint+Extras.swift */ = {isa = PBXFileReference; fileEncoding = 4; lastKnownFileType = sourcecode.swift; path = "CGPoint+Extras.swift"; sourceTree = "<group>"; };
		BC5932EC2625FF0800056C59 /* Network+FileUploader.swift */ = {isa = PBXFileReference; fileEncoding = 4; lastKnownFileType = sourcecode.swift; path = "Network+FileUploader.swift"; sourceTree = "<group>"; };
		BC5932ED2625FF0800056C59 /* Network+HTTPResponse.swift */ = {isa = PBXFileReference; fileEncoding = 4; lastKnownFileType = sourcecode.swift; path = "Network+HTTPResponse.swift"; sourceTree = "<group>"; };
		BC5932EE2625FF0800056C59 /* Codable+JSON.swift */ = {isa = PBXFileReference; fileEncoding = 4; lastKnownFileType = sourcecode.swift; path = "Codable+JSON.swift"; sourceTree = "<group>"; };
		BC5932EF2625FF0800056C59 /* CGContext+Tiles.swift */ = {isa = PBXFileReference; fileEncoding = 4; lastKnownFileType = sourcecode.swift; path = "CGContext+Tiles.swift"; sourceTree = "<group>"; };
		BC5932F02625FF0800056C59 /* MoofFoundation.swift */ = {isa = PBXFileReference; fileEncoding = 4; lastKnownFileType = sourcecode.swift; path = MoofFoundation.swift; sourceTree = "<group>"; };
		BC5932F12625FF0800056C59 /* CGGeometry+Operators.swift */ = {isa = PBXFileReference; fileEncoding = 4; lastKnownFileType = sourcecode.swift; path = "CGGeometry+Operators.swift"; sourceTree = "<group>"; };
		BC5932F22625FF0800056C59 /* CGPolarPoint.swift */ = {isa = PBXFileReference; fileEncoding = 4; lastKnownFileType = sourcecode.swift; path = CGPolarPoint.swift; sourceTree = "<group>"; };
		BC5932F32625FF0800056C59 /* Dictionary+Getters.swift */ = {isa = PBXFileReference; fileEncoding = 4; lastKnownFileType = sourcecode.swift; path = "Dictionary+Getters.swift"; sourceTree = "<group>"; };
		BC5932F42625FF0800056C59 /* Image+Extras.swift */ = {isa = PBXFileReference; fileEncoding = 4; lastKnownFileType = sourcecode.swift; path = "Image+Extras.swift"; sourceTree = "<group>"; };
		BC5932F52625FF0800056C59 /* Formatters.swift */ = {isa = PBXFileReference; fileEncoding = 4; lastKnownFileType = sourcecode.swift; path = Formatters.swift; sourceTree = "<group>"; };
		BC5932F62625FF0800056C59 /* CGFloat+Extras.swift */ = {isa = PBXFileReference; fileEncoding = 4; lastKnownFileType = sourcecode.swift; path = "CGFloat+Extras.swift"; sourceTree = "<group>"; };
		BC5932F72625FF0800056C59 /* FileManager+Extras.swift */ = {isa = PBXFileReference; fileEncoding = 4; lastKnownFileType = sourcecode.swift; path = "FileManager+Extras.swift"; sourceTree = "<group>"; };
		BC5932F92625FF0800056C59 /* CGComplex.swift */ = {isa = PBXFileReference; fileEncoding = 4; lastKnownFileType = sourcecode.swift; path = CGComplex.swift; sourceTree = "<group>"; };
		BC5932FA2625FF0800056C59 /* SystemUtils.swift */ = {isa = PBXFileReference; fileEncoding = 4; lastKnownFileType = sourcecode.swift; path = SystemUtils.swift; sourceTree = "<group>"; };
		BC5932FB2625FF0800056C59 /* Mirror+Extras.swift */ = {isa = PBXFileReference; fileEncoding = 4; lastKnownFileType = sourcecode.swift; path = "Mirror+Extras.swift"; sourceTree = "<group>"; };
		BC5933182625FF1D00056C59 /* Info.plist */ = {isa = PBXFileReference; lastKnownFileType = text.plist.xml; path = Info.plist; sourceTree = "<group>"; };
		BC5933192625FF2500056C59 /* Package.swift */ = {isa = PBXFileReference; lastKnownFileType = sourcecode.swift; path = Package.swift; sourceTree = "<group>"; };
		BC9B118F257E46A700286AAA /* MoofFoundation.framework */ = {isa = PBXFileReference; explicitFileType = wrapper.framework; includeInIndex = 0; path = MoofFoundation.framework; sourceTree = BUILT_PRODUCTS_DIR; };
		BC9B1198257E46A700286AAA /* MoofFoundationTests.xctest */ = {isa = PBXFileReference; explicitFileType = wrapper.cfbundle; includeInIndex = 0; path = MoofFoundationTests.xctest; sourceTree = BUILT_PRODUCTS_DIR; };
		BC9B119D257E46A700286AAA /* MoofFoundationTests.swift */ = {isa = PBXFileReference; lastKnownFileType = sourcecode.swift; path = MoofFoundationTests.swift; sourceTree = "<group>"; };
		BC9B119F257E46A700286AAA /* Info.plist */ = {isa = PBXFileReference; lastKnownFileType = text.plist.xml; path = Info.plist; sourceTree = "<group>"; };
		BC9B11EF257E4CBA00286AAA /* README.md */ = {isa = PBXFileReference; lastKnownFileType = net.daringfireball.markdown; path = README.md; sourceTree = "<group>"; };
		BC9B151A257E590F00286AAA /* MoofFoundation.podspec */ = {isa = PBXFileReference; lastKnownFileType = text; path = MoofFoundation.podspec; sourceTree = "<group>"; xcLanguageSpecificationIdentifier = xcode.lang.ruby; };
/* End PBXFileReference section */

/* Begin PBXFrameworksBuildPhase section */
		BC9B118C257E46A700286AAA /* Frameworks */ = {
			isa = PBXFrameworksBuildPhase;
			buildActionMask = 2147483647;
			files = (
			);
			runOnlyForDeploymentPostprocessing = 0;
		};
		BC9B1195257E46A700286AAA /* Frameworks */ = {
			isa = PBXFrameworksBuildPhase;
			buildActionMask = 2147483647;
			files = (
				BC9B1199257E46A700286AAA /* MoofFoundation.framework in Frameworks */,
			);
			runOnlyForDeploymentPostprocessing = 0;
		};
/* End PBXFrameworksBuildPhase section */

/* Begin PBXGroup section */
		BC5932E02625FF0800056C59 /* Sources */ = {
			isa = PBXGroup;
			children = (
				BC5932E12625FF0800056C59 /* MoofFoundation */,
			);
			path = Sources;
			sourceTree = "<group>";
		};
		BC5932E12625FF0800056C59 /* MoofFoundation */ = {
			isa = PBXGroup;
			children = (
				BC5932E22625FF0800056C59 /* CGRect+Extras.swift */,
				BC5932E32625FF0800056C59 /* Random.swift */,
				BC5932E42625FF0800056C59 /* String+Extras.swift */,
				BC5932E62625FF0800056C59 /* CGSize+Extras.swift */,
				BC5932E72625FF0800056C59 /* FileWrapper+Extras.swift */,
				BC5932E82625FF0800056C59 /* CGRect+Handles.swift */,
				BC5932E92625FF0800056C59 /* URL+Extras.swift */,
				BC5932EA2625FF0800056C59 /* CGContext+Bitmap.swift */,
				BC5932EB2625FF0800056C59 /* CGPoint+Extras.swift */,
				BC5932EC2625FF0800056C59 /* Network+FileUploader.swift */,
				BC5932ED2625FF0800056C59 /* Network+HTTPResponse.swift */,
				BC5932EE2625FF0800056C59 /* Codable+JSON.swift */,
				BC5932EF2625FF0800056C59 /* CGContext+Tiles.swift */,
				BC5932F02625FF0800056C59 /* MoofFoundation.swift */,
				BC5932F12625FF0800056C59 /* CGGeometry+Operators.swift */,
				BC5932F22625FF0800056C59 /* CGPolarPoint.swift */,
				BC5932F32625FF0800056C59 /* Dictionary+Getters.swift */,
				BC5932F42625FF0800056C59 /* Image+Extras.swift */,
				BC5932F52625FF0800056C59 /* Formatters.swift */,
				BC5932F62625FF0800056C59 /* CGFloat+Extras.swift */,
				BC5932F72625FF0800056C59 /* FileManager+Extras.swift */,
				BC5932F92625FF0800056C59 /* CGComplex.swift */,
				BC5932FA2625FF0800056C59 /* SystemUtils.swift */,
				BC5932FB2625FF0800056C59 /* Mirror+Extras.swift */,
			);
			path = MoofFoundation;
			sourceTree = "<group>";
		};
		BC9B1185257E46A700286AAA = {
			isa = PBXGroup;
			children = (
				BC9B11EF257E4CBA00286AAA /* README.md */,
				BC5931BA2625DA2500056C59 /* LICENSE */,
				BC5933192625FF2500056C59 /* Package.swift */,
				BC9B151A257E590F00286AAA /* MoofFoundation.podspec */,
				BC5933182625FF1D00056C59 /* Info.plist */,
				BC5932E02625FF0800056C59 /* Sources */,
				BC9B119C257E46A700286AAA /* MoofFoundationTests */,
				BC9B1190257E46A700286AAA /* Products */,
			);
			sourceTree = "<group>";
		};
		BC9B1190257E46A700286AAA /* Products */ = {
			isa = PBXGroup;
			children = (
				BC9B118F257E46A700286AAA /* MoofFoundation.framework */,
				BC9B1198257E46A700286AAA /* MoofFoundationTests.xctest */,
			);
			name = Products;
			sourceTree = "<group>";
		};
		BC9B119C257E46A700286AAA /* MoofFoundationTests */ = {
			isa = PBXGroup;
			children = (
				BC9B119D257E46A700286AAA /* MoofFoundationTests.swift */,
				BC9B119F257E46A700286AAA /* Info.plist */,
			);
			path = MoofFoundationTests;
			sourceTree = "<group>";
		};
/* End PBXGroup section */

/* Begin PBXHeadersBuildPhase section */
		BC9B118A257E46A700286AAA /* Headers */ = {
			isa = PBXHeadersBuildPhase;
			buildActionMask = 2147483647;
			files = (
			);
			runOnlyForDeploymentPostprocessing = 0;
		};
/* End PBXHeadersBuildPhase section */

/* Begin PBXNativeTarget section */
		BC9B118E257E46A700286AAA /* MoofFoundation */ = {
			isa = PBXNativeTarget;
			buildConfigurationList = BC9B11A3257E46A700286AAA /* Build configuration list for PBXNativeTarget "MoofFoundation" */;
			buildPhases = (
				BC9B118A257E46A700286AAA /* Headers */,
				BC9B118B257E46A700286AAA /* Sources */,
				BC9B118C257E46A700286AAA /* Frameworks */,
				BC9B118D257E46A700286AAA /* Resources */,
			);
			buildRules = (
			);
			dependencies = (
			);
			name = MoofFoundation;
			productName = MoofFoundation;
			productReference = BC9B118F257E46A700286AAA /* MoofFoundation.framework */;
			productType = "com.apple.product-type.framework";
		};
		BC9B1197257E46A700286AAA /* MoofFoundationTests */ = {
			isa = PBXNativeTarget;
			buildConfigurationList = BC9B11A6257E46A700286AAA /* Build configuration list for PBXNativeTarget "MoofFoundationTests" */;
			buildPhases = (
				BC9B1194257E46A700286AAA /* Sources */,
				BC9B1195257E46A700286AAA /* Frameworks */,
				BC9B1196257E46A700286AAA /* Resources */,
			);
			buildRules = (
			);
			dependencies = (
				BC9B119B257E46A700286AAA /* PBXTargetDependency */,
			);
			name = MoofFoundationTests;
			productName = MoofFoundationTests;
			productReference = BC9B1198257E46A700286AAA /* MoofFoundationTests.xctest */;
			productType = "com.apple.product-type.bundle.unit-test";
		};
/* End PBXNativeTarget section */

/* Begin PBXProject section */
		BC9B1186257E46A700286AAA /* Project object */ = {
			isa = PBXProject;
			attributes = {
				LastSwiftUpdateCheck = 1160;
				LastUpgradeCheck = 1310;
				ORGANIZATIONNAME = "MooseFactory Software";
				TargetAttributes = {
					BC9B118E257E46A700286AAA = {
						CreatedOnToolsVersion = 11.6;
						LastSwiftMigration = 1230;
					};
					BC9B1197257E46A700286AAA = {
						CreatedOnToolsVersion = 11.6;
					};
				};
			};
			buildConfigurationList = BC9B1189257E46A700286AAA /* Build configuration list for PBXProject "MoofFoundation" */;
			compatibilityVersion = "Xcode 9.3";
			developmentRegion = en;
			hasScannedForEncodings = 0;
			knownRegions = (
				en,
				Base,
			);
			mainGroup = BC9B1185257E46A700286AAA;
			productRefGroup = BC9B1190257E46A700286AAA /* Products */;
			projectDirPath = "";
			projectRoot = "";
			targets = (
				BC9B118E257E46A700286AAA /* MoofFoundation */,
				BC9B1197257E46A700286AAA /* MoofFoundationTests */,
			);
		};
/* End PBXProject section */

/* Begin PBXResourcesBuildPhase section */
		BC9B118D257E46A700286AAA /* Resources */ = {
			isa = PBXResourcesBuildPhase;
			buildActionMask = 2147483647;
			files = (
			);
			runOnlyForDeploymentPostprocessing = 0;
		};
		BC9B1196257E46A700286AAA /* Resources */ = {
			isa = PBXResourcesBuildPhase;
			buildActionMask = 2147483647;
			files = (
			);
			runOnlyForDeploymentPostprocessing = 0;
		};
/* End PBXResourcesBuildPhase section */

/* Begin PBXSourcesBuildPhase section */
		BC9B118B257E46A700286AAA /* Sources */ = {
			isa = PBXSourcesBuildPhase;
			buildActionMask = 2147483647;
			files = (
				BC5933042625FF0800056C59 /* CGContext+Bitmap.swift in Sources */,
				BC59330E2625FF0800056C59 /* Image+Extras.swift in Sources */,
				BC5933152625FF0800056C59 /* Mirror+Extras.swift in Sources */,
				BC5933092625FF0800056C59 /* CGContext+Tiles.swift in Sources */,
				BC5933132625FF0800056C59 /* CGComplex.swift in Sources */,
				BC5933032625FF0800056C59 /* URL+Extras.swift in Sources */,
				BC59330A2625FF0800056C59 /* MoofFoundation.swift in Sources */,
				BC5932FD2625FF0800056C59 /* Random.swift in Sources */,
				BC59330B2625FF0800056C59 /* CGGeometry+Operators.swift in Sources */,
				BC59330D2625FF0800056C59 /* Dictionary+Getters.swift in Sources */,
				BC5933112625FF0800056C59 /* FileManager+Extras.swift in Sources */,
				BC5932FE2625FF0800056C59 /* String+Extras.swift in Sources */,
				BC5933022625FF0800056C59 /* CGRect+Handles.swift in Sources */,
				BC59330C2625FF0800056C59 /* CGPolarPoint.swift in Sources */,
				BC5933072625FF0800056C59 /* Network+HTTPResponse.swift in Sources */,
				BC5933062625FF0800056C59 /* Network+FileUploader.swift in Sources */,
				BC5933012625FF0800056C59 /* FileWrapper+Extras.swift in Sources */,
				BC5933102625FF0800056C59 /* CGFloat+Extras.swift in Sources */,
				BC5933082625FF0800056C59 /* Codable+JSON.swift in Sources */,
				BC5933002625FF0800056C59 /* CGSize+Extras.swift in Sources */,
				BC5933052625FF0800056C59 /* CGPoint+Extras.swift in Sources */,
				BC59330F2625FF0800056C59 /* Formatters.swift in Sources */,
				BC5933142625FF0800056C59 /* SystemUtils.swift in Sources */,
				BC5932FC2625FF0800056C59 /* CGRect+Extras.swift in Sources */,
			);
			runOnlyForDeploymentPostprocessing = 0;
		};
		BC9B1194257E46A700286AAA /* Sources */ = {
			isa = PBXSourcesBuildPhase;
			buildActionMask = 2147483647;
			files = (
				BC9B119E257E46A700286AAA /* MoofFoundationTests.swift in Sources */,
			);
			runOnlyForDeploymentPostprocessing = 0;
		};
/* End PBXSourcesBuildPhase section */

/* Begin PBXTargetDependency section */
		BC9B119B257E46A700286AAA /* PBXTargetDependency */ = {
			isa = PBXTargetDependency;
			target = BC9B118E257E46A700286AAA /* MoofFoundation */;
			targetProxy = BC9B119A257E46A700286AAA /* PBXContainerItemProxy */;
		};
/* End PBXTargetDependency section */

/* Begin XCBuildConfiguration section */
		BC9B11A1257E46A700286AAA /* Debug */ = {
			isa = XCBuildConfiguration;
			buildSettings = {
				ALWAYS_SEARCH_USER_PATHS = NO;
				CLANG_ANALYZER_NONNULL = YES;
				CLANG_ANALYZER_NUMBER_OBJECT_CONVERSION = YES_AGGRESSIVE;
				CLANG_CXX_LANGUAGE_STANDARD = "gnu++14";
				CLANG_CXX_LIBRARY = "libc++";
				CLANG_ENABLE_MODULES = YES;
				CLANG_ENABLE_OBJC_ARC = YES;
				CLANG_ENABLE_OBJC_WEAK = YES;
				CLANG_WARN_BLOCK_CAPTURE_AUTORELEASING = YES;
				CLANG_WARN_BOOL_CONVERSION = YES;
				CLANG_WARN_COMMA = YES;
				CLANG_WARN_CONSTANT_CONVERSION = YES;
				CLANG_WARN_DEPRECATED_OBJC_IMPLEMENTATIONS = YES;
				CLANG_WARN_DIRECT_OBJC_ISA_USAGE = YES_ERROR;
				CLANG_WARN_DOCUMENTATION_COMMENTS = YES;
				CLANG_WARN_EMPTY_BODY = YES;
				CLANG_WARN_ENUM_CONVERSION = YES;
				CLANG_WARN_INFINITE_RECURSION = YES;
				CLANG_WARN_INT_CONVERSION = YES;
				CLANG_WARN_NON_LITERAL_NULL_CONVERSION = YES;
				CLANG_WARN_OBJC_IMPLICIT_RETAIN_SELF = YES;
				CLANG_WARN_OBJC_LITERAL_CONVERSION = YES;
				CLANG_WARN_OBJC_ROOT_CLASS = YES_ERROR;
				CLANG_WARN_QUOTED_INCLUDE_IN_FRAMEWORK_HEADER = YES;
				CLANG_WARN_RANGE_LOOP_ANALYSIS = YES;
				CLANG_WARN_STRICT_PROTOTYPES = YES;
				CLANG_WARN_SUSPICIOUS_MOVE = YES;
				CLANG_WARN_UNGUARDED_AVAILABILITY = YES_AGGRESSIVE;
				CLANG_WARN_UNREACHABLE_CODE = YES;
				CLANG_WARN__DUPLICATE_METHOD_MATCH = YES;
				COPY_PHASE_STRIP = NO;
				CURRENT_PROJECT_VERSION = 1;
				DEBUG_INFORMATION_FORMAT = dwarf;
				ENABLE_STRICT_OBJC_MSGSEND = YES;
				ENABLE_TESTABILITY = YES;
				GCC_C_LANGUAGE_STANDARD = gnu11;
				GCC_DYNAMIC_NO_PIC = NO;
				GCC_NO_COMMON_BLOCKS = YES;
				GCC_OPTIMIZATION_LEVEL = 0;
				GCC_PREPROCESSOR_DEFINITIONS = (
					"DEBUG=1",
					"$(inherited)",
				);
				GCC_WARN_64_TO_32_BIT_CONVERSION = YES;
				GCC_WARN_ABOUT_RETURN_TYPE = YES_ERROR;
				GCC_WARN_UNDECLARED_SELECTOR = YES;
				GCC_WARN_UNINITIALIZED_AUTOS = YES_AGGRESSIVE;
				GCC_WARN_UNUSED_FUNCTION = YES;
				GCC_WARN_UNUSED_VARIABLE = YES;
				IPHONEOS_DEPLOYMENT_TARGET = 13.3;
				MTL_ENABLE_DEBUG_INFO = INCLUDE_SOURCE;
				MTL_FAST_MATH = YES;
				ONLY_ACTIVE_ARCH = YES;
				SDKROOT = macosx;
				SUPPORTED_PLATFORMS = "iphonesimulator iphoneos appletvossimulator appletvos watchos watchsimulator macosx";
				SWIFT_ACTIVE_COMPILATION_CONDITIONS = DEBUG;
				SWIFT_OPTIMIZATION_LEVEL = "-Onone";
				SWIFT_VERSION = 5.0;
				TARGETED_DEVICE_FAMILY = "1,2,3,4";
				TVOS_DEPLOYMENT_TARGET = 14.0;
				VERSIONING_SYSTEM = "apple-generic";
				VERSION_INFO_PREFIX = "";
				WATCHOS_DEPLOYMENT_TARGET = 7.0;
			};
			name = Debug;
		};
		BC9B11A2257E46A700286AAA /* Release */ = {
			isa = XCBuildConfiguration;
			buildSettings = {
				ALWAYS_SEARCH_USER_PATHS = NO;
				CLANG_ANALYZER_NONNULL = YES;
				CLANG_ANALYZER_NUMBER_OBJECT_CONVERSION = YES_AGGRESSIVE;
				CLANG_CXX_LANGUAGE_STANDARD = "gnu++14";
				CLANG_CXX_LIBRARY = "libc++";
				CLANG_ENABLE_MODULES = YES;
				CLANG_ENABLE_OBJC_ARC = YES;
				CLANG_ENABLE_OBJC_WEAK = YES;
				CLANG_WARN_BLOCK_CAPTURE_AUTORELEASING = YES;
				CLANG_WARN_BOOL_CONVERSION = YES;
				CLANG_WARN_COMMA = YES;
				CLANG_WARN_CONSTANT_CONVERSION = YES;
				CLANG_WARN_DEPRECATED_OBJC_IMPLEMENTATIONS = YES;
				CLANG_WARN_DIRECT_OBJC_ISA_USAGE = YES_ERROR;
				CLANG_WARN_DOCUMENTATION_COMMENTS = YES;
				CLANG_WARN_EMPTY_BODY = YES;
				CLANG_WARN_ENUM_CONVERSION = YES;
				CLANG_WARN_INFINITE_RECURSION = YES;
				CLANG_WARN_INT_CONVERSION = YES;
				CLANG_WARN_NON_LITERAL_NULL_CONVERSION = YES;
				CLANG_WARN_OBJC_IMPLICIT_RETAIN_SELF = YES;
				CLANG_WARN_OBJC_LITERAL_CONVERSION = YES;
				CLANG_WARN_OBJC_ROOT_CLASS = YES_ERROR;
				CLANG_WARN_QUOTED_INCLUDE_IN_FRAMEWORK_HEADER = YES;
				CLANG_WARN_RANGE_LOOP_ANALYSIS = YES;
				CLANG_WARN_STRICT_PROTOTYPES = YES;
				CLANG_WARN_SUSPICIOUS_MOVE = YES;
				CLANG_WARN_UNGUARDED_AVAILABILITY = YES_AGGRESSIVE;
				CLANG_WARN_UNREACHABLE_CODE = YES;
				CLANG_WARN__DUPLICATE_METHOD_MATCH = YES;
				COPY_PHASE_STRIP = NO;
				CURRENT_PROJECT_VERSION = 1;
				DEBUG_INFORMATION_FORMAT = "dwarf-with-dsym";
				ENABLE_NS_ASSERTIONS = NO;
				ENABLE_STRICT_OBJC_MSGSEND = YES;
				GCC_C_LANGUAGE_STANDARD = gnu11;
				GCC_NO_COMMON_BLOCKS = YES;
				GCC_WARN_64_TO_32_BIT_CONVERSION = YES;
				GCC_WARN_ABOUT_RETURN_TYPE = YES_ERROR;
				GCC_WARN_UNDECLARED_SELECTOR = YES;
				GCC_WARN_UNINITIALIZED_AUTOS = YES_AGGRESSIVE;
				GCC_WARN_UNUSED_FUNCTION = YES;
				GCC_WARN_UNUSED_VARIABLE = YES;
				IPHONEOS_DEPLOYMENT_TARGET = 13.3;
				MTL_ENABLE_DEBUG_INFO = NO;
				MTL_FAST_MATH = YES;
				SDKROOT = macosx;
				SUPPORTED_PLATFORMS = "iphonesimulator iphoneos appletvossimulator appletvos watchos watchsimulator macosx";
				SWIFT_COMPILATION_MODE = wholemodule;
				SWIFT_OPTIMIZATION_LEVEL = "-O";
				SWIFT_VERSION = 5.0;
				TARGETED_DEVICE_FAMILY = "1,2,3,4";
				TVOS_DEPLOYMENT_TARGET = 14.0;
				VALIDATE_PRODUCT = YES;
				VERSIONING_SYSTEM = "apple-generic";
				VERSION_INFO_PREFIX = "";
				WATCHOS_DEPLOYMENT_TARGET = 7.0;
			};
			name = Release;
		};
		BC9B11A4257E46A700286AAA /* Debug */ = {
			isa = XCBuildConfiguration;
			buildSettings = {
				CLANG_ENABLE_MODULES = YES;
				CODE_SIGN_STYLE = Automatic;
				DEFINES_MODULE = YES;
				DEVELOPMENT_TEAM = "";
				DYLIB_COMPATIBILITY_VERSION = 1;
				DYLIB_CURRENT_VERSION = 1;
				DYLIB_INSTALL_NAME_BASE = "@rpath";
				INFOPLIST_FILE = Info.plist;
				INSTALL_PATH = "$(LOCAL_LIBRARY_DIR)/Frameworks";
				LD_RUNPATH_SEARCH_PATHS = (
					"$(inherited)",
					"@executable_path/Frameworks",
					"@loader_path/Frameworks",
				);
				MARKETING_VERSION = 1.0.1;
				ONLY_ACTIVE_ARCH = $inherited;
				PRODUCT_BUNDLE_IDENTIFIER = com.moosefactory.MoofFoundation;
				PRODUCT_NAME = "$(TARGET_NAME:c99extidentifier)";
				SDKROOT = $inherited;
				SKIP_INSTALL = YES;
				SWIFT_OPTIMIZATION_LEVEL = "-Onone";
				SWIFT_VERSION = 5.0;
				TARGETED_DEVICE_FAMILY = "1,2,3";
			};
			name = Debug;
		};
		BC9B11A5257E46A700286AAA /* Release */ = {
			isa = XCBuildConfiguration;
			buildSettings = {
				CLANG_ENABLE_MODULES = YES;
				CODE_SIGN_STYLE = Automatic;
				DEFINES_MODULE = YES;
				DEVELOPMENT_TEAM = "";
				DYLIB_COMPATIBILITY_VERSION = 1;
				DYLIB_CURRENT_VERSION = 1;
				DYLIB_INSTALL_NAME_BASE = "@rpath";
				INFOPLIST_FILE = Info.plist;
				INSTALL_PATH = "$(LOCAL_LIBRARY_DIR)/Frameworks";
				LD_RUNPATH_SEARCH_PATHS = (
					"$(inherited)",
					"@executable_path/Frameworks",
					"@loader_path/Frameworks",
				);
				MARKETING_VERSION = 1.0.1;
				ONLY_ACTIVE_ARCH = $inherited;
				PRODUCT_BUNDLE_IDENTIFIER = com.moosefactory.MoofFoundation;
				PRODUCT_NAME = "$(TARGET_NAME:c99extidentifier)";
				SDKROOT = $inherited;
				SKIP_INSTALL = YES;
				SWIFT_VERSION = 5.0;
				TARGETED_DEVICE_FAMILY = "1,2,3";
			};
			name = Release;
		};
		BC9B11A7257E46A700286AAA /* Debug */ = {
			isa = XCBuildConfiguration;
			buildSettings = {
				ALWAYS_EMBED_SWIFT_STANDARD_LIBRARIES = YES;
				CODE_SIGN_STYLE = Automatic;
				DEVELOPMENT_TEAM = "";
				INFOPLIST_FILE = MoofFoundationTests/Info.plist;
				LD_RUNPATH_SEARCH_PATHS = (
					"$(inherited)",
					"@executable_path/Frameworks",
					"@loader_path/Frameworks",
				);
				PRODUCT_BUNDLE_IDENTIFIER = com.moosefactory.MoofFoundationTests;
				PRODUCT_NAME = "$(TARGET_NAME)";
				SWIFT_VERSION = 5.0;
				TARGETED_DEVICE_FAMILY = "1,2,3";
			};
			name = Debug;
		};
		BC9B11A8257E46A700286AAA /* Release */ = {
			isa = XCBuildConfiguration;
			buildSettings = {
				ALWAYS_EMBED_SWIFT_STANDARD_LIBRARIES = YES;
				CODE_SIGN_STYLE = Automatic;
				DEVELOPMENT_TEAM = "";
				INFOPLIST_FILE = MoofFoundationTests/Info.plist;
				LD_RUNPATH_SEARCH_PATHS = (
					"$(inherited)",
					"@executable_path/Frameworks",
					"@loader_path/Frameworks",
				);
				PRODUCT_BUNDLE_IDENTIFIER = com.moosefactory.MoofFoundationTests;
				PRODUCT_NAME = "$(TARGET_NAME)";
				SWIFT_VERSION = 5.0;
				TARGETED_DEVICE_FAMILY = "1,2,3";
			};
			name = Release;
		};
/* End XCBuildConfiguration section */

/* Begin XCConfigurationList section */
		BC9B1189257E46A700286AAA /* Build configuration list for PBXProject "MoofFoundation" */ = {
			isa = XCConfigurationList;
			buildConfigurations = (
				BC9B11A1257E46A700286AAA /* Debug */,
				BC9B11A2257E46A700286AAA /* Release */,
			);
			defaultConfigurationIsVisible = 0;
			defaultConfigurationName = Release;
		};
		BC9B11A3257E46A700286AAA /* Build configuration list for PBXNativeTarget "MoofFoundation" */ = {
			isa = XCConfigurationList;
			buildConfigurations = (
				BC9B11A4257E46A700286AAA /* Debug */,
				BC9B11A5257E46A700286AAA /* Release */,
			);
			defaultConfigurationIsVisible = 0;
			defaultConfigurationName = Release;
		};
		BC9B11A6257E46A700286AAA /* Build configuration list for PBXNativeTarget "MoofFoundationTests" */ = {
			isa = XCConfigurationList;
			buildConfigurations = (
				BC9B11A7257E46A700286AAA /* Debug */,
				BC9B11A8257E46A700286AAA /* Release */,
			);
			defaultConfigurationIsVisible = 0;
			defaultConfigurationName = Release;
		};
/* End XCConfigurationList section */
	};
	rootObject = BC9B1186257E46A700286AAA /* Project object */;
}
